// !$*UTF8*$!
{
	archiveVersion = 1;
	classes = {
	};
	objectVersion = 51;
	objects = {

/* Begin PBXBuildFile section */
		2025D08723FF3830003A05A7 /* Combine_RandomController.swift in Sources */ = {isa = PBXBuildFile; fileRef = 2025D08623FF3830003A05A7 /* Combine_RandomController.swift */; };
		2025D08924010541003A05A7 /* List_Theme_Combine_RandomController.swift in Sources */ = {isa = PBXBuildFile; fileRef = 2025D08824010541003A05A7 /* List_Theme_Combine_RandomController.swift */; };
		2025D08B24024C8A003A05A7 /* List_Content_Combine_RandomController.swift in Sources */ = {isa = PBXBuildFile; fileRef = 2025D08A24024C8A003A05A7 /* List_Content_Combine_RandomController.swift */; };
		2025D08D24026878003A05A7 /* List_Combine_RandomController.swift in Sources */ = {isa = PBXBuildFile; fileRef = 2025D08C24026878003A05A7 /* List_Combine_RandomController.swift */; };
		2025D08F240359E0003A05A7 /* Group_DivideController.swift in Sources */ = {isa = PBXBuildFile; fileRef = 2025D08E240359E0003A05A7 /* Group_DivideController.swift */; };
		2040631723BF1B19001D0BB5 /* AppDelegate.swift in Sources */ = {isa = PBXBuildFile; fileRef = 2040631623BF1B19001D0BB5 /* AppDelegate.swift */; };
		2040631923BF1B19001D0BB5 /* ViewController.swift in Sources */ = {isa = PBXBuildFile; fileRef = 2040631823BF1B19001D0BB5 /* ViewController.swift */; };
		2040631B23BF1B1B001D0BB5 /* Assets.xcassets in Resources */ = {isa = PBXBuildFile; fileRef = 2040631A23BF1B1B001D0BB5 /* Assets.xcassets */; };
		2040631E23BF1B1B001D0BB5 /* Main.storyboard in Resources */ = {isa = PBXBuildFile; fileRef = 2040631C23BF1B1B001D0BB5 /* Main.storyboard */; };
		2040632723BF2335001D0BB5 /* SetV.swift in Sources */ = {isa = PBXBuildFile; fileRef = 2040632623BF2335001D0BB5 /* SetV.swift */; };
		2040632D23BF4923001D0BB5 /* View_2_Controller.swift in Sources */ = {isa = PBXBuildFile; fileRef = 2040632C23BF4923001D0BB5 /* View_2_Controller.swift */; };
		2040633423BF7B54001D0BB5 /* View_0_Controller.swift in Sources */ = {isa = PBXBuildFile; fileRef = 2040633223BF7B54001D0BB5 /* View_0_Controller.swift */; };
		2040633B23BF8370001D0BB5 /* View_3_Controller.swift in Sources */ = {isa = PBXBuildFile; fileRef = 2040633A23BF8370001D0BB5 /* View_3_Controller.swift */; };
		208C4E5923F8F25700A586FD /* Nine_x_NineController.swift in Sources */ = {isa = PBXBuildFile; fileRef = 208C4E5823F8F25700A586FD /* Nine_x_NineController.swift */; };
		208C4E5B23F9D7E600A586FD /* List_Nine_x_NineController.swift in Sources */ = {isa = PBXBuildFile; fileRef = 208C4E5A23F9D7E600A586FD /* List_Nine_x_NineController.swift */; };
		208C4E6123FB450100A586FD /* EnlergeController.swift in Sources */ = {isa = PBXBuildFile; fileRef = 208C4E6023FB450100A586FD /* EnlergeController.swift */; };
		20AA6D6324131F56006D59C3 /* Index_Group_DivideController.swift in Sources */ = {isa = PBXBuildFile; fileRef = 20AA6D6224131F56006D59C3 /* Index_Group_DivideController.swift */; };
		20AA6D6524139AEB006D59C3 /* Divided_Group_DispController.swift in Sources */ = {isa = PBXBuildFile; fileRef = 20AA6D6424139AEB006D59C3 /* Divided_Group_DispController.swift */; };
		20AA6D6724165316006D59C3 /* Txt_DispController.swift in Sources */ = {isa = PBXBuildFile; fileRef = 20AA6D6624165316006D59C3 /* Txt_DispController.swift */; };
		20AA6D692417A8AA006D59C3 /* Hierarchy_ThemeController.swift in Sources */ = {isa = PBXBuildFile; fileRef = 20AA6D682417A8AA006D59C3 /* Hierarchy_ThemeController.swift */; };
		20AA6D6B241A737B006D59C3 /* Randam_LocationController.swift in Sources */ = {isa = PBXBuildFile; fileRef = 20AA6D6A241A737B006D59C3 /* Randam_LocationController.swift */; };
		20BCD3C9240B6DDD00E12208 /* U.swift in Sources */ = {isa = PBXBuildFile; fileRef = 20BCD3C8240B6DDD00E12208 /* U.swift */; };
		DA9466CD84644D35069409B7 /* Pods_Desk_hassou_03.framework in Frameworks */ = {isa = PBXBuildFile; fileRef = 5096009E41F9DC3468606082 /* Pods_Desk_hassou_03.framework */; };
/* End PBXBuildFile section */

/* Begin PBXFileReference section */
		13F29D9B5B10B60322A308DA /* Pods-Desk_hassou_03.debug.xcconfig */ = {isa = PBXFileReference; includeInIndex = 1; lastKnownFileType = text.xcconfig; name = "Pods-Desk_hassou_03.debug.xcconfig"; path = "Target Support Files/Pods-Desk_hassou_03/Pods-Desk_hassou_03.debug.xcconfig"; sourceTree = "<group>"; };
		2025D08623FF3830003A05A7 /* Combine_RandomController.swift */ = {isa = PBXFileReference; lastKnownFileType = sourcecode.swift; path = Combine_RandomController.swift; sourceTree = "<group>"; };
		2025D08824010541003A05A7 /* List_Theme_Combine_RandomController.swift */ = {isa = PBXFileReference; lastKnownFileType = sourcecode.swift; path = List_Theme_Combine_RandomController.swift; sourceTree = "<group>"; };
		2025D08A24024C8A003A05A7 /* List_Content_Combine_RandomController.swift */ = {isa = PBXFileReference; lastKnownFileType = sourcecode.swift; path = List_Content_Combine_RandomController.swift; sourceTree = "<group>"; };
		2025D08C24026878003A05A7 /* List_Combine_RandomController.swift */ = {isa = PBXFileReference; lastKnownFileType = sourcecode.swift; path = List_Combine_RandomController.swift; sourceTree = "<group>"; };
		2025D08E240359E0003A05A7 /* Group_DivideController.swift */ = {isa = PBXFileReference; lastKnownFileType = sourcecode.swift; path = Group_DivideController.swift; sourceTree = "<group>"; };
		2040631323BF1B19001D0BB5 /* Desk_hassou_03.app */ = {isa = PBXFileReference; explicitFileType = wrapper.application; includeInIndex = 0; path = Desk_hassou_03.app; sourceTree = BUILT_PRODUCTS_DIR; };
		2040631623BF1B19001D0BB5 /* AppDelegate.swift */ = {isa = PBXFileReference; lastKnownFileType = sourcecode.swift; path = AppDelegate.swift; sourceTree = "<group>"; };
		2040631823BF1B19001D0BB5 /* ViewController.swift */ = {isa = PBXFileReference; lastKnownFileType = sourcecode.swift; path = ViewController.swift; sourceTree = "<group>"; };
		2040631A23BF1B1B001D0BB5 /* Assets.xcassets */ = {isa = PBXFileReference; lastKnownFileType = folder.assetcatalog; path = Assets.xcassets; sourceTree = "<group>"; };
		2040631D23BF1B1B001D0BB5 /* Base */ = {isa = PBXFileReference; lastKnownFileType = file.storyboard; name = Base; path = Base.lproj/Main.storyboard; sourceTree = "<group>"; };
		2040631F23BF1B1B001D0BB5 /* Info.plist */ = {isa = PBXFileReference; lastKnownFileType = text.plist.xml; path = Info.plist; sourceTree = "<group>"; };
		2040632023BF1B1B001D0BB5 /* Desk_hassou_03.entitlements */ = {isa = PBXFileReference; lastKnownFileType = text.plist.entitlements; path = Desk_hassou_03.entitlements; sourceTree = "<group>"; };
		2040632623BF2335001D0BB5 /* SetV.swift */ = {isa = PBXFileReference; fileEncoding = 4; lastKnownFileType = sourcecode.swift; path = SetV.swift; sourceTree = "<group>"; };
		2040632C23BF4923001D0BB5 /* View_2_Controller.swift */ = {isa = PBXFileReference; lastKnownFileType = sourcecode.swift; path = View_2_Controller.swift; sourceTree = "<group>"; };
		2040633223BF7B54001D0BB5 /* View_0_Controller.swift */ = {isa = PBXFileReference; lastKnownFileType = sourcecode.swift; path = View_0_Controller.swift; sourceTree = "<group>"; };
		2040633A23BF8370001D0BB5 /* View_3_Controller.swift */ = {isa = PBXFileReference; lastKnownFileType = sourcecode.swift; path = View_3_Controller.swift; sourceTree = "<group>"; };
		208C4E5823F8F25700A586FD /* Nine_x_NineController.swift */ = {isa = PBXFileReference; lastKnownFileType = sourcecode.swift; path = Nine_x_NineController.swift; sourceTree = "<group>"; };
		208C4E5A23F9D7E600A586FD /* List_Nine_x_NineController.swift */ = {isa = PBXFileReference; lastKnownFileType = sourcecode.swift; path = List_Nine_x_NineController.swift; sourceTree = "<group>"; };
		208C4E6023FB450100A586FD /* EnlergeController.swift */ = {isa = PBXFileReference; lastKnownFileType = sourcecode.swift; path = EnlergeController.swift; sourceTree = "<group>"; };
		20AA6D6224131F56006D59C3 /* Index_Group_DivideController.swift */ = {isa = PBXFileReference; lastKnownFileType = sourcecode.swift; path = Index_Group_DivideController.swift; sourceTree = "<group>"; };
		20AA6D6424139AEB006D59C3 /* Divided_Group_DispController.swift */ = {isa = PBXFileReference; lastKnownFileType = sourcecode.swift; path = Divided_Group_DispController.swift; sourceTree = "<group>"; };
		20AA6D6624165316006D59C3 /* Txt_DispController.swift */ = {isa = PBXFileReference; lastKnownFileType = sourcecode.swift; path = Txt_DispController.swift; sourceTree = "<group>"; };
		20AA6D682417A8AA006D59C3 /* Hierarchy_ThemeController.swift */ = {isa = PBXFileReference; lastKnownFileType = sourcecode.swift; path = Hierarchy_ThemeController.swift; sourceTree = "<group>"; };
		20AA6D6A241A737B006D59C3 /* Randam_LocationController.swift */ = {isa = PBXFileReference; lastKnownFileType = sourcecode.swift; path = Randam_LocationController.swift; sourceTree = "<group>"; };
		20BCD3C8240B6DDD00E12208 /* U.swift */ = {isa = PBXFileReference; lastKnownFileType = sourcecode.swift; path = U.swift; sourceTree = "<group>"; };
		5096009E41F9DC3468606082 /* Pods_Desk_hassou_03.framework */ = {isa = PBXFileReference; explicitFileType = wrapper.framework; includeInIndex = 0; path = Pods_Desk_hassou_03.framework; sourceTree = BUILT_PRODUCTS_DIR; };
		760DF83D57A10A4EA4824EF5 /* Pods-Desk_hassou_03.release.xcconfig */ = {isa = PBXFileReference; includeInIndex = 1; lastKnownFileType = text.xcconfig; name = "Pods-Desk_hassou_03.release.xcconfig"; path = "Target Support Files/Pods-Desk_hassou_03/Pods-Desk_hassou_03.release.xcconfig"; sourceTree = "<group>"; };
/* End PBXFileReference section */

/* Begin PBXFrameworksBuildPhase section */
		2040631023BF1B19001D0BB5 /* Frameworks */ = {
			isa = PBXFrameworksBuildPhase;
			buildActionMask = 2147483647;
			files = (
				DA9466CD84644D35069409B7 /* Pods_Desk_hassou_03.framework in Frameworks */,
			);
			runOnlyForDeploymentPostprocessing = 0;
		};
/* End PBXFrameworksBuildPhase section */

/* Begin PBXGroup section */
		2040630A23BF1B19001D0BB5 = {
			isa = PBXGroup;
			children = (
				2040631523BF1B19001D0BB5 /* Desk_hassou_03 */,
				2040631423BF1B19001D0BB5 /* Products */,
				78AB1ED65596724610FFBB05 /* Pods */,
				26FB991A8FCDB33DF80AC3CB /* Frameworks */,
			);
			sourceTree = "<group>";
		};
		2040631423BF1B19001D0BB5 /* Products */ = {
			isa = PBXGroup;
			children = (
				2040631323BF1B19001D0BB5 /* Desk_hassou_03.app */,
			);
			name = Products;
			sourceTree = "<group>";
		};
		2040631523BF1B19001D0BB5 /* Desk_hassou_03 */ = {
			isa = PBXGroup;
			children = (
				2040631623BF1B19001D0BB5 /* AppDelegate.swift */,
				208C4E5823F8F25700A586FD /* Nine_x_NineController.swift */,
				208C4E6023FB450100A586FD /* EnlergeController.swift */,
				2025D08623FF3830003A05A7 /* Combine_RandomController.swift */,
				208C4E5A23F9D7E600A586FD /* List_Nine_x_NineController.swift */,
				2025D08824010541003A05A7 /* List_Theme_Combine_RandomController.swift */,
				2025D08C24026878003A05A7 /* List_Combine_RandomController.swift */,
				2025D08A24024C8A003A05A7 /* List_Content_Combine_RandomController.swift */,
				2040632C23BF4923001D0BB5 /* View_2_Controller.swift */,
				2040633223BF7B54001D0BB5 /* View_0_Controller.swift */,
				2025D08E240359E0003A05A7 /* Group_DivideController.swift */,
				2040633A23BF8370001D0BB5 /* View_3_Controller.swift */,
				20AA6D6224131F56006D59C3 /* Index_Group_DivideController.swift */,
				2040631823BF1B19001D0BB5 /* ViewController.swift */,
				20AA6D6424139AEB006D59C3 /* Divided_Group_DispController.swift */,
				20AA6D6A241A737B006D59C3 /* Randam_LocationController.swift */,
				20AA6D682417A8AA006D59C3 /* Hierarchy_ThemeController.swift */,
				20AA6D6624165316006D59C3 /* Txt_DispController.swift */,
				2040632623BF2335001D0BB5 /* SetV.swift */,
				20BCD3C8240B6DDD00E12208 /* U.swift */,
				2040631A23BF1B1B001D0BB5 /* Assets.xcassets */,
				2040631C23BF1B1B001D0BB5 /* Main.storyboard */,
				2040631F23BF1B1B001D0BB5 /* Info.plist */,
				2040632023BF1B1B001D0BB5 /* Desk_hassou_03.entitlements */,
			);
			path = Desk_hassou_03;
			sourceTree = "<group>";
		};
		26FB991A8FCDB33DF80AC3CB /* Frameworks */ = {
			isa = PBXGroup;
			children = (
				5096009E41F9DC3468606082 /* Pods_Desk_hassou_03.framework */,
			);
			name = Frameworks;
			sourceTree = "<group>";
		};
		78AB1ED65596724610FFBB05 /* Pods */ = {
			isa = PBXGroup;
			children = (
				13F29D9B5B10B60322A308DA /* Pods-Desk_hassou_03.debug.xcconfig */,
				760DF83D57A10A4EA4824EF5 /* Pods-Desk_hassou_03.release.xcconfig */,
			);
			path = Pods;
			sourceTree = "<group>";
		};
/* End PBXGroup section */

/* Begin PBXNativeTarget section */
		2040631223BF1B19001D0BB5 /* Desk_hassou_03 */ = {
			isa = PBXNativeTarget;
			buildConfigurationList = 2040632323BF1B1B001D0BB5 /* Build configuration list for PBXNativeTarget "Desk_hassou_03" */;
			buildPhases = (
				A1B9B1037912DB5AC673E2E4 /* [CP] Check Pods Manifest.lock */,
				2040630F23BF1B19001D0BB5 /* Sources */,
				2040631023BF1B19001D0BB5 /* Frameworks */,
				2040631123BF1B19001D0BB5 /* Resources */,
				2E1036AD2FEDCB0EC840B691 /* [CP] Embed Pods Frameworks */,
			);
			buildRules = (
			);
			dependencies = (
			);
			name = Desk_hassou_03;
			productName = Desk_hassou_03;
			productReference = 2040631323BF1B19001D0BB5 /* Desk_hassou_03.app */;
			productType = "com.apple.product-type.application";
		};
/* End PBXNativeTarget section */

/* Begin PBXProject section */
		2040630B23BF1B19001D0BB5 /* Project object */ = {
			isa = PBXProject;
			attributes = {
				LastSwiftUpdateCheck = 1130;
				LastUpgradeCheck = 1130;
				ORGANIZATIONNAME = "kakegawa kouichi";
				TargetAttributes = {
					2040631223BF1B19001D0BB5 = {
						CreatedOnToolsVersion = 11.3;
					};
				};
			};
			buildConfigurationList = 2040630E23BF1B19001D0BB5 /* Build configuration list for PBXProject "Desk_hassou_03" */;
			compatibilityVersion = "Xcode 9.3";
			developmentRegion = en;
			hasScannedForEncodings = 0;
			knownRegions = (
				en,
				Base,
			);
			mainGroup = 2040630A23BF1B19001D0BB5;
			productRefGroup = 2040631423BF1B19001D0BB5 /* Products */;
			projectDirPath = "";
			projectRoot = "";
			targets = (
				2040631223BF1B19001D0BB5 /* Desk_hassou_03 */,
			);
		};
/* End PBXProject section */

/* Begin PBXResourcesBuildPhase section */
		2040631123BF1B19001D0BB5 /* Resources */ = {
			isa = PBXResourcesBuildPhase;
			buildActionMask = 2147483647;
			files = (
				2040631B23BF1B1B001D0BB5 /* Assets.xcassets in Resources */,
				2040631E23BF1B1B001D0BB5 /* Main.storyboard in Resources */,
			);
			runOnlyForDeploymentPostprocessing = 0;
		};
/* End PBXResourcesBuildPhase section */

/* Begin PBXShellScriptBuildPhase section */
		2E1036AD2FEDCB0EC840B691 /* [CP] Embed Pods Frameworks */ = {
			isa = PBXShellScriptBuildPhase;
			buildActionMask = 2147483647;
			files = (
			);
			inputFileListPaths = (
				"${PODS_ROOT}/Target Support Files/Pods-Desk_hassou_03/Pods-Desk_hassou_03-frameworks-${CONFIGURATION}-input-files.xcfilelist",
			);
			name = "[CP] Embed Pods Frameworks";
			outputFileListPaths = (
				"${PODS_ROOT}/Target Support Files/Pods-Desk_hassou_03/Pods-Desk_hassou_03-frameworks-${CONFIGURATION}-output-files.xcfilelist",
			);
			runOnlyForDeploymentPostprocessing = 0;
			shellPath = /bin/sh;
			shellScript = "\"${PODS_ROOT}/Target Support Files/Pods-Desk_hassou_03/Pods-Desk_hassou_03-frameworks.sh\"\n";
			showEnvVarsInLog = 0;
		};
		A1B9B1037912DB5AC673E2E4 /* [CP] Check Pods Manifest.lock */ = {
			isa = PBXShellScriptBuildPhase;
			buildActionMask = 2147483647;
			files = (
			);
			inputFileListPaths = (
			);
			inputPaths = (
				"${PODS_PODFILE_DIR_PATH}/Podfile.lock",
				"${PODS_ROOT}/Manifest.lock",
			);
			name = "[CP] Check Pods Manifest.lock";
			outputFileListPaths = (
			);
			outputPaths = (
				"$(DERIVED_FILE_DIR)/Pods-Desk_hassou_03-checkManifestLockResult.txt",
			);
			runOnlyForDeploymentPostprocessing = 0;
			shellPath = /bin/sh;
			shellScript = "diff \"${PODS_PODFILE_DIR_PATH}/Podfile.lock\" \"${PODS_ROOT}/Manifest.lock\" > /dev/null\nif [ $? != 0 ] ; then\n    # print error to STDERR\n    echo \"error: The sandbox is not in sync with the Podfile.lock. Run 'pod install' or update your CocoaPods installation.\" >&2\n    exit 1\nfi\n# This output is used by Xcode 'outputs' to avoid re-running this script phase.\necho \"SUCCESS\" > \"${SCRIPT_OUTPUT_FILE_0}\"\n";
			showEnvVarsInLog = 0;
		};
/* End PBXShellScriptBuildPhase section */

/* Begin PBXSourcesBuildPhase section */
		2040630F23BF1B19001D0BB5 /* Sources */ = {
			isa = PBXSourcesBuildPhase;
			buildActionMask = 2147483647;
			files = (
				20AA6D692417A8AA006D59C3 /* Hierarchy_ThemeController.swift in Sources */,
				2040631923BF1B19001D0BB5 /* ViewController.swift in Sources */,
				20AA6D6524139AEB006D59C3 /* Divided_Group_DispController.swift in Sources */,
				2040633423BF7B54001D0BB5 /* View_0_Controller.swift in Sources */,
				2025D08D24026878003A05A7 /* List_Combine_RandomController.swift in Sources */,
				2025D08924010541003A05A7 /* List_Theme_Combine_RandomController.swift in Sources */,
				2040632D23BF4923001D0BB5 /* View_2_Controller.swift in Sources */,
				2025D08F240359E0003A05A7 /* Group_DivideController.swift in Sources */,
				20BCD3C9240B6DDD00E12208 /* U.swift in Sources */,
				20AA6D6724165316006D59C3 /* Txt_DispController.swift in Sources */,
				208C4E5B23F9D7E600A586FD /* List_Nine_x_NineController.swift in Sources */,
				2025D08723FF3830003A05A7 /* Combine_RandomController.swift in Sources */,
				2025D08B24024C8A003A05A7 /* List_Content_Combine_RandomController.swift in Sources */,
				20AA6D6B241A737B006D59C3 /* Randam_LocationController.swift in Sources */,
				208C4E5923F8F25700A586FD /* Nine_x_NineController.swift in Sources */,
				208C4E6123FB450100A586FD /* EnlergeController.swift in Sources */,
				2040632723BF2335001D0BB5 /* SetV.swift in Sources */,
				20AA6D6324131F56006D59C3 /* Index_Group_DivideController.swift in Sources */,
				2040633B23BF8370001D0BB5 /* View_3_Controller.swift in Sources */,
				2040631723BF1B19001D0BB5 /* AppDelegate.swift in Sources */,
			);
			runOnlyForDeploymentPostprocessing = 0;
		};
/* End PBXSourcesBuildPhase section */

/* Begin PBXVariantGroup section */
		2040631C23BF1B1B001D0BB5 /* Main.storyboard */ = {
			isa = PBXVariantGroup;
			children = (
				2040631D23BF1B1B001D0BB5 /* Base */,
			);
			name = Main.storyboard;
			sourceTree = "<group>";
		};
/* End PBXVariantGroup section */

/* Begin XCBuildConfiguration section */
		2040632123BF1B1B001D0BB5 /* Debug */ = {
			isa = XCBuildConfiguration;
			buildSettings = {
				ALWAYS_SEARCH_USER_PATHS = NO;
				CLANG_ANALYZER_NONNULL = YES;
				CLANG_ANALYZER_NUMBER_OBJECT_CONVERSION = YES_AGGRESSIVE;
				CLANG_CXX_LANGUAGE_STANDARD = "gnu++14";
				CLANG_CXX_LIBRARY = "libc++";
				CLANG_ENABLE_MODULES = YES;
				CLANG_ENABLE_OBJC_ARC = YES;
				CLANG_ENABLE_OBJC_WEAK = YES;
				CLANG_WARN_BLOCK_CAPTURE_AUTORELEASING = YES;
				CLANG_WARN_BOOL_CONVERSION = YES;
				CLANG_WARN_COMMA = YES;
				CLANG_WARN_CONSTANT_CONVERSION = YES;
				CLANG_WARN_DEPRECATED_OBJC_IMPLEMENTATIONS = YES;
				CLANG_WARN_DIRECT_OBJC_ISA_USAGE = YES_ERROR;
				CLANG_WARN_DOCUMENTATION_COMMENTS = YES;
				CLANG_WARN_EMPTY_BODY = YES;
				CLANG_WARN_ENUM_CONVERSION = YES;
				CLANG_WARN_INFINITE_RECURSION = YES;
				CLANG_WARN_INT_CONVERSION = YES;
				CLANG_WARN_NON_LITERAL_NULL_CONVERSION = YES;
				CLANG_WARN_OBJC_IMPLICIT_RETAIN_SELF = YES;
				CLANG_WARN_OBJC_LITERAL_CONVERSION = YES;
				CLANG_WARN_OBJC_ROOT_CLASS = YES_ERROR;
				CLANG_WARN_RANGE_LOOP_ANALYSIS = YES;
				CLANG_WARN_STRICT_PROTOTYPES = YES;
				CLANG_WARN_SUSPICIOUS_MOVE = YES;
				CLANG_WARN_UNGUARDED_AVAILABILITY = YES_AGGRESSIVE;
				CLANG_WARN_UNREACHABLE_CODE = YES;
				CLANG_WARN__DUPLICATE_METHOD_MATCH = YES;
				COPY_PHASE_STRIP = NO;
				DEBUG_INFORMATION_FORMAT = dwarf;
				ENABLE_STRICT_OBJC_MSGSEND = YES;
				ENABLE_TESTABILITY = YES;
				GCC_C_LANGUAGE_STANDARD = gnu11;
				GCC_DYNAMIC_NO_PIC = NO;
				GCC_NO_COMMON_BLOCKS = YES;
				GCC_OPTIMIZATION_LEVEL = 0;
				GCC_PREPROCESSOR_DEFINITIONS = (
					"DEBUG=1",
					"$(inherited)",
				);
				GCC_WARN_64_TO_32_BIT_CONVERSION = YES;
				GCC_WARN_ABOUT_RETURN_TYPE = YES_ERROR;
				GCC_WARN_UNDECLARED_SELECTOR = YES;
				GCC_WARN_UNINITIALIZED_AUTOS = YES_AGGRESSIVE;
				GCC_WARN_UNUSED_FUNCTION = YES;
				GCC_WARN_UNUSED_VARIABLE = YES;
				MACOSX_DEPLOYMENT_TARGET = 10.14;
				MTL_ENABLE_DEBUG_INFO = INCLUDE_SOURCE;
				MTL_FAST_MATH = YES;
				ONLY_ACTIVE_ARCH = YES;
				SDKROOT = macosx;
				SWIFT_ACTIVE_COMPILATION_CONDITIONS = DEBUG;
				SWIFT_OPTIMIZATION_LEVEL = "-Onone";
			};
			name = Debug;
		};
		2040632223BF1B1B001D0BB5 /* Release */ = {
			isa = XCBuildConfiguration;
			buildSettings = {
				ALWAYS_SEARCH_USER_PATHS = NO;
				CLANG_ANALYZER_NONNULL = YES;
				CLANG_ANALYZER_NUMBER_OBJECT_CONVERSION = YES_AGGRESSIVE;
				CLANG_CXX_LANGUAGE_STANDARD = "gnu++14";
				CLANG_CXX_LIBRARY = "libc++";
				CLANG_ENABLE_MODULES = YES;
				CLANG_ENABLE_OBJC_ARC = YES;
				CLANG_ENABLE_OBJC_WEAK = YES;
				CLANG_WARN_BLOCK_CAPTURE_AUTORELEASING = YES;
				CLANG_WARN_BOOL_CONVERSION = YES;
				CLANG_WARN_COMMA = YES;
				CLANG_WARN_CONSTANT_CONVERSION = YES;
				CLANG_WARN_DEPRECATED_OBJC_IMPLEMENTATIONS = YES;
				CLANG_WARN_DIRECT_OBJC_ISA_USAGE = YES_ERROR;
				CLANG_WARN_DOCUMENTATION_COMMENTS = YES;
				CLANG_WARN_EMPTY_BODY = YES;
				CLANG_WARN_ENUM_CONVERSION = YES;
				CLANG_WARN_INFINITE_RECURSION = YES;
				CLANG_WARN_INT_CONVERSION = YES;
				CLANG_WARN_NON_LITERAL_NULL_CONVERSION = YES;
				CLANG_WARN_OBJC_IMPLICIT_RETAIN_SELF = YES;
				CLANG_WARN_OBJC_LITERAL_CONVERSION = YES;
				CLANG_WARN_OBJC_ROOT_CLASS = YES_ERROR;
				CLANG_WARN_RANGE_LOOP_ANALYSIS = YES;
				CLANG_WARN_STRICT_PROTOTYPES = YES;
				CLANG_WARN_SUSPICIOUS_MOVE = YES;
				CLANG_WARN_UNGUARDED_AVAILABILITY = YES_AGGRESSIVE;
				CLANG_WARN_UNREACHABLE_CODE = YES;
				CLANG_WARN__DUPLICATE_METHOD_MATCH = YES;
				COPY_PHASE_STRIP = NO;
				DEBUG_INFORMATION_FORMAT = "dwarf-with-dsym";
				ENABLE_NS_ASSERTIONS = NO;
				ENABLE_STRICT_OBJC_MSGSEND = YES;
				GCC_C_LANGUAGE_STANDARD = gnu11;
				GCC_NO_COMMON_BLOCKS = YES;
				GCC_WARN_64_TO_32_BIT_CONVERSION = YES;
				GCC_WARN_ABOUT_RETURN_TYPE = YES_ERROR;
				GCC_WARN_UNDECLARED_SELECTOR = YES;
				GCC_WARN_UNINITIALIZED_AUTOS = YES_AGGRESSIVE;
				GCC_WARN_UNUSED_FUNCTION = YES;
				GCC_WARN_UNUSED_VARIABLE = YES;
				MACOSX_DEPLOYMENT_TARGET = 10.14;
				MTL_ENABLE_DEBUG_INFO = NO;
				MTL_FAST_MATH = YES;
				SDKROOT = macosx;
				SWIFT_COMPILATION_MODE = wholemodule;
				SWIFT_OPTIMIZATION_LEVEL = "-O";
			};
			name = Release;
		};
		2040632423BF1B1B001D0BB5 /* Debug */ = {
			isa = XCBuildConfiguration;
			baseConfigurationReference = 13F29D9B5B10B60322A308DA /* Pods-Desk_hassou_03.debug.xcconfig */;
			buildSettings = {
				ASSETCATALOG_COMPILER_APPICON_NAME = AppIcon;
				CODE_SIGN_ENTITLEMENTS = Desk_hassou_03/Desk_hassou_03.entitlements;
				CODE_SIGN_STYLE = Automatic;
				COMBINE_HIDPI_IMAGES = YES;
				DEVELOPMENT_TEAM = LKU9PPDCLY;
				ENABLE_HARDENED_RUNTIME = YES;
				INFOPLIST_FILE = Desk_hassou_03/Info.plist;
				LD_RUNPATH_SEARCH_PATHS = (
					"$(inherited)",
					"@executable_path/../Frameworks",
				);
				PRODUCT_BUNDLE_IDENTIFIER = "kake.Desk-hassou-03";
				PRODUCT_NAME = "$(TARGET_NAME)";
				SWIFT_VERSION = 5.0;
			};
			name = Debug;
		};
		2040632523BF1B1B001D0BB5 /* Release */ = {
			isa = XCBuildConfiguration;
			baseConfigurationReference = 760DF83D57A10A4EA4824EF5 /* Pods-Desk_hassou_03.release.xcconfig */;
			buildSettings = {
				ASSETCATALOG_COMPILER_APPICON_NAME = AppIcon;
				CODE_SIGN_ENTITLEMENTS = Desk_hassou_03/Desk_hassou_03.entitlements;
				CODE_SIGN_STYLE = Automatic;
				COMBINE_HIDPI_IMAGES = YES;
				DEVELOPMENT_TEAM = LKU9PPDCLY;
				ENABLE_HARDENED_RUNTIME = YES;
				INFOPLIST_FILE = Desk_hassou_03/Info.plist;
				LD_RUNPATH_SEARCH_PATHS = (
					"$(inherited)",
					"@executable_path/../Frameworks",
				);
				PRODUCT_BUNDLE_IDENTIFIER = "kake.Desk-hassou-03";
				PRODUCT_NAME = "$(TARGET_NAME)";
				SWIFT_VERSION = 5.0;
			};
			name = Release;
		};
/* End XCBuildConfiguration section */

/* Begin XCConfigurationList section */
		2040630E23BF1B19001D0BB5 /* Build configuration list for PBXProject "Desk_hassou_03" */ = {
			isa = XCConfigurationList;
			buildConfigurations = (
				2040632123BF1B1B001D0BB5 /* Debug */,
				2040632223BF1B1B001D0BB5 /* Release */,
			);
			defaultConfigurationIsVisible = 0;
			defaultConfigurationName = Release;
		};
		2040632323BF1B1B001D0BB5 /* Build configuration list for PBXNativeTarget "Desk_hassou_03" */ = {
			isa = XCConfigurationList;
			buildConfigurations = (
				2040632423BF1B1B001D0BB5 /* Debug */,
				2040632523BF1B1B001D0BB5 /* Release */,
			);
			defaultConfigurationIsVisible = 0;
			defaultConfigurationName = Release;
		};
/* End XCConfigurationList section */
	};
	rootObject = 2040630B23BF1B19001D0BB5 /* Project object */;
}
